
Microsoft Visual Studio Solution File, Format Version 12.00
# Visual Studio Version 17
VisualStudioVersion = 17.11.35327.3
MinimumVisualStudioVersion = 10.0.40219.1
Project("{FAE04EC0-301F-11D3-BF4B-00C04F79EFBC}") = "P3_2_714230060", "P3_2_714230060\P3_2_714230060.csproj", "{07D9BDBA-E665-4ACC-8FD4-888630B2935C}"
EndProject
Global
	GlobalSection(SolutionConfigurationPlatforms) = preSolution
		Debug|Any CPU = Debug|Any CPU
		Release|Any CPU = Release|Any CPU
	EndGlobalSection
	GlobalSection(ProjectConfigurationPlatforms) = postSolution
		{07D9BDBA-E665-4ACC-8FD4-888630B2935C}.Debug|Any CPU.ActiveCfg = Debug|Any CPU
		{07D9BDBA-E665-4ACC-8FD4-888630B2935C}.Debug|Any CPU.Build.0 = Debug|Any CPU
		{07D9BDBA-E665-4ACC-8FD4-888630B2935C}.Release|Any CPU.ActiveCfg = Release|Any CPU
		{07D9BDBA-E665-4ACC-8FD4-888630B2935C}.Release|Any CPU.Build.0 = Release|Any CPU
	EndGlobalSection
	GlobalSection(SolutionProperties) = preSolution
		HideSolutionNode = FALSE
	EndGlobalSection
	GlobalSection(ExtensibilityGlobals) = postSolution
		SolutionGuid = {B93408DC-22C4-4849-A681-799CD5C4BBA9}
	EndGlobalSection
EndGlobal
