
Microsoft Visual Studio Solution File, Format Version 12.00
# Visual Studio Version 17
VisualStudioVersion = 17.11.35327.3
MinimumVisualStudioVersion = 10.0.40219.1
Project("{FAE04EC0-301F-11D3-BF4B-00C04F79EFBC}") = "P6_3_714230060", "P6_3_714230060\P6_3_714230060.csproj", "{F82710FB-A367-44E1-80EC-1A3F7D794A26}"
EndProject
Global
	GlobalSection(SolutionConfigurationPlatforms) = preSolution
		Debug|Any CPU = Debug|Any CPU
		Release|Any CPU = Release|Any CPU
	EndGlobalSection
	GlobalSection(ProjectConfigurationPlatforms) = postSolution
		{F82710FB-A367-44E1-80EC-1A3F7D794A26}.Debug|Any CPU.ActiveCfg = Debug|Any CPU
		{F82710FB-A367-44E1-80EC-1A3F7D794A26}.Debug|Any CPU.Build.0 = Debug|Any CPU
		{F82710FB-A367-44E1-80EC-1A3F7D794A26}.Release|Any CPU.ActiveCfg = Release|Any CPU
		{F82710FB-A367-44E1-80EC-1A3F7D794A26}.Release|Any CPU.Build.0 = Release|Any CPU
	EndGlobalSection
	GlobalSection(SolutionProperties) = preSolution
		HideSolutionNode = FALSE
	EndGlobalSection
	GlobalSection(ExtensibilityGlobals) = postSolution
		SolutionGuid = {DF5F89D1-CAAD-412C-95F3-1DB429BE3910}
	EndGlobalSection
EndGlobal
